{
    "name": "activator-apply-lambda",
    "version": "1.0.0",
    "lockfileVersion": 3,
    "requires": true,
    "packages": {
        "": {
            "name": "activator-apply-lambda",
            "version": "1.0.0",
            "dependencies": {
                "@aws-sdk/client-s3": "^3.600.0",
                "@aws-sdk/client-sns": "^3.600.0",
                "entityos": "^2.2.8",
                "lodash": "^4.17.21"
            },
            "devDependencies": {
                "lambda-local": "^2.2.0"
            },
            "engines": {
                "node": ">=20.x"
            }
        },
        "node_modules/@aws-sdk/checksums": {
            "version": "3.1000.26",
            "resolved": "https://registry.npmjs.org/@aws-sdk/checksums/-/checksums-3.1000.26.tgz",
            "integrity": "sha512-CGznePoL+1oWCSzqmkvlYMpWQEZohPR3LntjKXXfVH+oh6Kd8d+yHLkjpiAGwPIHAxFe4OAq3aKfRnv/wqWIyA==",
            "license": "Apache-2.0",
            "dependencies": {
                "@aws-sdk/core": "^3.977.6",
                "@aws-sdk/types": "^3.974.2",
                "@smithy/core": "^3.31.1",
                "@smithy/types": "^4.16.1",
                "tslib": "^2.6.2"
            },
            "engines": {
                "node": ">=20.0.0"
            }
        },
        "node_modules/@aws-sdk/client-s3": {
            "version": "3.1103.0",
            "resolved": "https://registry.npmjs.org/@aws-sdk/client-s3/-/client-s3-3.1103.0.tgz",
            "integrity": "sha512-FO7SB2vLhZRN3lBHVhMhRm3YKSHK8e917qjB8LMEEhU69cQ0Ahd/OMyezu+KqNANqEtyxfSnFVvYt81x6ZKGZA==",
            "license": "Apache-2.0",
            "dependencies": {
                "@aws-sdk/checksums": "^3.1000.26",
                "@aws-sdk/core": "^3.977.6",
                "@aws-sdk/credential-provider-node": "^3.972.78",
                "@aws-sdk/middleware-sdk-s3": "^3.972.72",
                "@aws-sdk/signature-v4-multi-region": "^3.996.43",
                "@aws-sdk/types": "^3.974.2",
                "@smithy/core": "^3.31.1",
                "@smithy/fetch-http-handler": "^5.6.13",
                "@smithy/node-http-handler": "^4.9.13",
                "@smithy/types": "^4.16.1",
                "tslib": "^2.6.2"
            },
            "engines": {
                "node": ">=20.0.0"
            }
        },
        "node_modules/@aws-sdk/client-sns": {
            "version": "3.1103.0",
            "resolved": "https://registry.npmjs.org/@aws-sdk/client-sns/-/client-sns-3.1103.0.tgz",
            "integrity": "sha512-PAgNJwJWkZmcuPU4l1LqVBP7ZpFQmFLRNvKjIpaxsNV/orT2Qq6ehofRK64psvQbvaTwp1K8L1fi10wBSXbF8A==",
            "license": "Apache-2.0",
            "dependencies": {
                "@aws-sdk/core": "^3.977.6",
                "@aws-sdk/credential-provider-node": "^3.972.78",
                "@aws-sdk/types": "^3.974.2",
                "@smithy/core": "^3.31.1",
                "@smithy/fetch-http-handler": "^5.6.13",
                "@smithy/node-http-handler": "^4.9.13",
                "@smithy/types": "^4.16.1",
                "tslib": "^2.6.2"
            },
            "engines": {
                "node": ">=20.0.0"
            }
        },
        "node_modules/@aws-sdk/core": {
            "version": "3.977.6",
            "resolved": "https://registry.npmjs.org/@aws-sdk/core/-/core-3.977.6.tgz",
            "integrity": "sha512-QiaJV4/zDrB4ZY2mfeSXSzSTc36W16sZXcGz+SPFk0CJ26gziO0cS+4LjJUMAbdeeBOvS0k0Aq1cZpfGdUXxSw==",
            "license": "Apache-2.0",
            "dependencies": {
                "@aws-sdk/types": "^3.974.2",
                "@aws-sdk/xml-builder": "^3.972.37",
                "@aws/lambda-invoke-store": "^0.3.0",
                "@smithy/core": "^3.31.1",
                "@smithy/signature-v4": "^5.6.12",
                "@smithy/types": "^4.16.1",
                "bowser": "^2.11.0",
                "tslib": "^2.6.2"
            },
            "engines": {
                "node": ">=20.0.0"
            }
        },
        "node_modules/@aws-sdk/credential-provider-env": {
            "version": "3.972.67",
            "resolved": "https://registry.npmjs.org/@aws-sdk/credential-provider-env/-/credential-provider-env-3.972.67.tgz",
            "integrity": "sha512-rcIpk5kxUqDaaNa6Xk23pQ6ViY7jlqzmfFWCahQcBT97ddXaXYYwzCen9Tz1Jvo6aJft6wDl5bN44/Jw5B4oLA==",
            "license": "Apache-2.0",
            "dependencies": {
                "@aws-sdk/core": "^3.977.6",
                "@aws-sdk/types": "^3.974.2",
                "@smithy/core": "^3.31.1",
                "@smithy/types": "^4.16.1",
                "tslib": "^2.6.2"
            },
            "engines": {
                "node": ">=20.0.0"
            }
        },
        "node_modules/@aws-sdk/credential-provider-http": {
            "version": "3.972.69",
            "resolved": "https://registry.npmjs.org/@aws-sdk/credential-provider-http/-/credential-provider-http-3.972.69.tgz",
            "integrity": "sha512-nggwJtZ4eeNsUw5IeWBMXsi1ryct5idi0K+/SCRF3kybLubOMaNTb3XCihXpWMiVpyzyPeIrl0zTkzhBH9porA==",
            "license": "Apache-2.0",
            "dependencies": {
                "@aws-sdk/core": "^3.977.6",
                "@aws-sdk/types": "^3.974.2",
                "@smithy/core": "^3.31.1",
                "@smithy/fetch-http-handler": "^5.6.13",
                "@smithy/node-http-handler": "^4.9.13",
                "@smithy/types": "^4.16.1",
                "tslib": "^2.6.2"
            },
            "engines": {
                "node": ">=20.0.0"
            }
        },
        "node_modules/@aws-sdk/credential-provider-ini": {
            "version": "3.973.12",
            "resolved": "https://registry.npmjs.org/@aws-sdk/credential-provider-ini/-/credential-provider-ini-3.973.12.tgz",
            "integrity": "sha512-pNEf/OeyN5X3VmLKlgSO6TqaWmW10CvI3TfwL1XhsuhYjSLT2VDaxFnCPHnOeQXSaFisMX4jNhpETriqN8DOmg==",
            "license": "Apache-2.0",
            "dependencies": {
                "@aws-sdk/core": "^3.977.6",
                "@aws-sdk/credential-provider-env": "^3.972.67",
                "@aws-sdk/credential-provider-http": "^3.972.69",
                "@aws-sdk/credential-provider-login": "^3.972.74",
                "@aws-sdk/credential-provider-process": "^3.972.67",
                "@aws-sdk/credential-provider-sso": "^3.973.11",
                "@aws-sdk/credential-provider-web-identity": "^3.972.73",
                "@aws-sdk/nested-clients": "^3.997.41",
                "@aws-sdk/types": "^3.974.2",
                "@smithy/core": "^3.31.1",
                "@smithy/credential-provider-imds": "^4.4.16",
                "@smithy/types": "^4.16.1",
                "tslib": "^2.6.2"
            },
            "engines": {
                "node": ">=20.0.0"
            }
        },
        "node_modules/@aws-sdk/credential-provider-login": {
            "version": "3.972.74",
            "resolved": "https://registry.npmjs.org/@aws-sdk/credential-provider-login/-/credential-provider-login-3.972.74.tgz",
            "integrity": "sha512-0AQfDcf99TNmqVKv0owHrw/TQs6i4ZE5t9qmz6NvO53bE/sA/tpXhXL9AAcEP1qHc6Zzjd1UMb69+/9zdhvY3g==",
            "license": "Apache-2.0",
            "dependencies": {
                "@aws-sdk/core": "^3.977.6",
                "@aws-sdk/nested-clients": "^3.997.41",
                "@aws-sdk/types": "^3.974.2",
                "@smithy/core": "^3.31.1",
                "@smithy/types": "^4.16.1",
                "tslib": "^2.6.2"
            },
            "engines": {
                "node": ">=20.0.0"
            }
        },
        "node_modules/@aws-sdk/credential-provider-node": {
            "version": "3.972.78",
            "resolved": "https://registry.npmjs.org/@aws-sdk/credential-provider-node/-/credential-provider-node-3.972.78.tgz",
            "integrity": "sha512-OgPAnfvbGAMWac6yvxJ1ihslrvDpPVwR68D2csospdNCCyPvHk9JLzYKwz48SNiS1T2znDwHauywRKRFfpyYng==",
            "license": "Apache-2.0",
            "dependencies": {
                "@aws-sdk/credential-provider-env": "^3.972.67",
                "@aws-sdk/credential-provider-http": "^3.972.69",
                "@aws-sdk/credential-provider-ini": "^3.973.12",
                "@aws-sdk/credential-provider-process": "^3.972.67",
                "@aws-sdk/credential-provider-sso": "^3.973.11",
                "@aws-sdk/credential-provider-web-identity": "^3.972.73",
                "@aws-sdk/types": "^3.974.2",
                "@smithy/core": "^3.31.1",
                "@smithy/credential-provider-imds": "^4.4.16",
                "@smithy/types": "^4.16.1",
                "tslib": "^2.6.2"
            },
            "engines": {
                "node": ">=20.0.0"
            }
        },
        "node_modules/@aws-sdk/credential-provider-process": {
            "version": "3.972.67",
            "resolved": "https://registry.npmjs.org/@aws-sdk/credential-provider-process/-/credential-provider-process-3.972.67.tgz",
            "integrity": "sha512-IlUEejorGTWKb4/Dm7K5Yw4QxUmXLThLhrvBmzVBqZFTbW72cv9LTcITmo1dsnYriALE4h68mOq4LB99x6sQ7Q==",
            "license": "Apache-2.0",
            "dependencies": {
                "@aws-sdk/core": "^3.977.6",
                "@aws-sdk/types": "^3.974.2",
                "@smithy/core": "^3.31.1",
                "@smithy/types": "^4.16.1",
                "tslib": "^2.6.2"
            },
            "engines": {
                "node": ">=20.0.0"
            }
        },
        "node_modules/@aws-sdk/credential-provider-sso": {
            "version": "3.973.11",
            "resolved": "https://registry.npmjs.org/@aws-sdk/credential-provider-sso/-/credential-provider-sso-3.973.11.tgz",
            "integrity": "sha512-gAQBkBZxUB84d71+pPcI9L+jh2ujhuAVxc/4FgGiWFDjkPBlMKxzd5XDtkSXTFX8Ro7ansnT88+XadasxMeCRw==",
            "license": "Apache-2.0",
            "dependencies": {
                "@aws-sdk/core": "^3.977.6",
                "@aws-sdk/nested-clients": "^3.997.41",
                "@aws-sdk/token-providers": "3.1103.0",
                "@aws-sdk/types": "^3.974.2",
                "@smithy/core": "^3.31.1",
                "@smithy/types": "^4.16.1",
                "tslib": "^2.6.2"
            },
            "engines": {
                "node": ">=20.0.0"
            }
        },
        "node_modules/@aws-sdk/credential-provider-web-identity": {
            "version": "3.972.73",
            "resolved": "https://registry.npmjs.org/@aws-sdk/credential-provider-web-identity/-/credential-provider-web-identity-3.972.73.tgz",
            "integrity": "sha512-SnlEmQa6SjOgs6iOPLUQl1Eyq4AKiAdPQlkOhFhqNfDtDCwibMGvL6QlkSmf3o6vAUSImzdPCxowT5dfQUZP1A==",
            "license": "Apache-2.0",
            "dependencies": {
                "@aws-sdk/core": "^3.977.6",
                "@aws-sdk/nested-clients": "^3.997.41",
                "@aws-sdk/types": "^3.974.2",
                "@smithy/core": "^3.31.1",
                "@smithy/types": "^4.16.1",
                "tslib": "^2.6.2"
            },
            "engines": {
                "node": ">=20.0.0"
            }
        },
        "node_modules/@aws-sdk/middleware-sdk-s3": {
            "version": "3.972.72",
            "resolved": "https://registry.npmjs.org/@aws-sdk/middleware-sdk-s3/-/middleware-sdk-s3-3.972.72.tgz",
            "integrity": "sha512-lSAoVPvQxX1d8TOM6waKDBQrvvZcm4w6pCldFAsRUffEaXq6lYY0pPyew3KlLu6Xqb74DXI42hGvSsbGBLljlw==",
            "license": "Apache-2.0",
            "dependencies": {
                "@aws-sdk/core": "^3.977.6",
                "@aws-sdk/signature-v4-multi-region": "^3.996.43",
                "@aws-sdk/types": "^3.974.2",
                "@smithy/core": "^3.31.1",
                "@smithy/types": "^4.16.1",
                "tslib": "^2.6.2"
            },
            "engines": {
                "node": ">=20.0.0"
            }
        },
        "node_modules/@aws-sdk/nested-clients": {
            "version": "3.997.41",
            "resolved": "https://registry.npmjs.org/@aws-sdk/nested-clients/-/nested-clients-3.997.41.tgz",
            "integrity": "sha512-RDHqPGQWlF6tatA/Tp3rg6oIwtgN9IVderxE+9av2Y93Dfyu+mO1hZ5Bu2jpfZg2rwdNbsssnwM+sLafIczMlQ==",
            "license": "Apache-2.0",
            "dependencies": {
                "@aws-sdk/core": "^3.977.6",
                "@aws-sdk/signature-v4-multi-region": "^3.996.43",
                "@aws-sdk/types": "^3.974.2",
                "@smithy/core": "^3.31.1",
                "@smithy/fetch-http-handler": "^5.6.13",
                "@smithy/node-http-handler": "^4.9.13",
                "@smithy/types": "^4.16.1",
                "tslib": "^2.6.2"
            },
            "engines": {
                "node": ">=20.0.0"
            }
        },
        "node_modules/@aws-sdk/signature-v4-multi-region": {
            "version": "3.996.43",
            "resolved": "https://registry.npmjs.org/@aws-sdk/signature-v4-multi-region/-/signature-v4-multi-region-3.996.43.tgz",
            "integrity": "sha512-lKekx8bLBXSv4O+cslk9Zfnw2XKSkWBs3uWL5QGhH2ZAQfNS7FE0vcSSN2vD/AhxX54ZTywWxR4STThoeOXlBA==",
            "license": "Apache-2.0",
            "dependencies": {
                "@aws-sdk/types": "^3.974.2",
                "@smithy/signature-v4": "^5.6.12",
                "@smithy/types": "^4.16.1",
                "tslib": "^2.6.2"
            },
            "engines": {
                "node": ">=20.0.0"
            }
        },
        "node_modules/@aws-sdk/token-providers": {
            "version": "3.1103.0",
            "resolved": "https://registry.npmjs.org/@aws-sdk/token-providers/-/token-providers-3.1103.0.tgz",
            "integrity": "sha512-N4wy26MNn31ItGVHYHPrEuCIFY4MBBjC+C5v1lJKqIUSA7OZBdhleCY53zCCrXn27hsk7YNOaTuhQu807S4AfQ==",
            "license": "Apache-2.0",
            "dependencies": {
                "@aws-sdk/core": "^3.977.6",
                "@aws-sdk/nested-clients": "^3.997.41",
                "@aws-sdk/types": "^3.974.2",
                "@smithy/core": "^3.31.1",
                "@smithy/types": "^4.16.1",
                "tslib": "^2.6.2"
            },
            "engines": {
                "node": ">=20.0.0"
            }
        },
        "node_modules/@aws-sdk/types": {
            "version": "3.974.2",
            "resolved": "https://registry.npmjs.org/@aws-sdk/types/-/types-3.974.2.tgz",
            "integrity": "sha512-3W6IUtSxFbH6X7Wb7DzGCV5QiFQsd0g8bOfntpmDxQlzBoKWUMBu/JPQR0DwkE+Hpnxd6db1tXbOwdeHddG6cA==",
            "license": "Apache-2.0",
            "dependencies": {
                "@smithy/types": "^4.16.1",
                "tslib": "^2.6.2"
            },
            "engines": {
                "node": ">=20.0.0"
            }
        },
        "node_modules/@aws-sdk/xml-builder": {
            "version": "3.972.37",
            "resolved": "https://registry.npmjs.org/@aws-sdk/xml-builder/-/xml-builder-3.972.37.tgz",
            "integrity": "sha512-zKq4HQum8JwDyEuyfuI4bbiAcU0KxP6qy+9PR/IsR92IyE/DaBAikzAS50tjxip4bqIIANpCcG+Yyj6CVhXupg==",
            "license": "Apache-2.0",
            "dependencies": {
                "@smithy/types": "^4.16.1",
                "tslib": "^2.6.2"
            },
            "engines": {
                "node": ">=20.0.0"
            }
        },
        "node_modules/@aws/lambda-invoke-store": {
            "version": "0.3.0",
            "resolved": "https://registry.npmjs.org/@aws/lambda-invoke-store/-/lambda-invoke-store-0.3.0.tgz",
            "integrity": "sha512-sl4Bm6yiMNYrZKkqqDFWN0UfnWhlS8ivKxrYl+6t0gCLrqr8y3B2IqZZbFRkfaVVp7C/baApyh71P+LeE1A2sQ==",
            "license": "Apache-2.0",
            "engines": {
                "node": ">=18.0.0"
            }
        },
        "node_modules/@colors/colors": {
            "version": "1.6.0",
            "resolved": "https://registry.npmjs.org/@colors/colors/-/colors-1.6.0.tgz",
            "integrity": "sha512-Ir+AOibqzrIsL6ajt3Rz3LskB7OiMVHqltZmspbW/TJuTVuyOMirVqAkjfY6JISiLHgyNqicAC8AyHHGzNd/dA==",
            "dev": true,
            "license": "MIT",
            "engines": {
                "node": ">=0.1.90"
            }
        },
        "node_modules/@dabh/diagnostics": {
            "version": "2.0.8",
            "resolved": "https://registry.npmjs.org/@dabh/diagnostics/-/diagnostics-2.0.8.tgz",
            "integrity": "sha512-R4MSXTVnuMzGD7bzHdW2ZhhdPC/igELENcq5IjEverBvq5hn1SXCWcsi6eSsdWP0/Ur+SItRRjAktmdoX/8R/Q==",
            "dev": true,
            "license": "MIT",
            "dependencies": {
                "@so-ric/colorspace": "^1.1.6",
                "enabled": "2.0.x",
                "kuler": "^2.0.0"
            }
        },
        "node_modules/@smithy/core": {
            "version": "3.31.1",
            "resolved": "https://registry.npmjs.org/@smithy/core/-/core-3.31.1.tgz",
            "integrity": "sha512-CyogUINxvi7C7LDsh8Syo6hVJOT9ckz4rG8dRZfTJ8r91HkMY59PnNooaj7WcHyxEkxPfBAmbgztZU+xTo76lg==",
            "license": "Apache-2.0",
            "dependencies": {
                "@smithy/types": "^4.16.1",
                "tslib": "^2.6.2"
            },
            "engines": {
                "node": ">=18.0.0"
            }
        },
        "node_modules/@smithy/credential-provider-imds": {
            "version": "4.4.16",
            "resolved": "https://registry.npmjs.org/@smithy/credential-provider-imds/-/credential-provider-imds-4.4.16.tgz",
            "integrity": "sha512-QfuLWAkLzptffFW980AFeHZFdqds2B64rpEd3uJ6lgs3xVn9QegGMUgUcj+4d7dRrAsya3r58ZKpku97WcFb4w==",
            "license": "Apache-2.0",
            "dependencies": {
                "@smithy/core": "^3.31.1",
                "@smithy/types": "^4.16.1",
                "tslib": "^2.6.2"
            },
            "engines": {
                "node": ">=18.0.0"
            }
        },
        "node_modules/@smithy/fetch-http-handler": {
            "version": "5.6.13",
            "resolved": "https://registry.npmjs.org/@smithy/fetch-http-handler/-/fetch-http-handler-5.6.13.tgz",
            "integrity": "sha512-4fW86pEUOMbrD5nkbyl/tTvPHHWJFbuB2odl6ps9lWfHoXf9HWh3Q/Smh59qH1g7+c/BSZghX6bbUk4gsiMs8A==",
            "license": "Apache-2.0",
            "dependencies": {
                "@smithy/core": "^3.31.1",
                "@smithy/types": "^4.16.1",
                "tslib": "^2.6.2"
            },
            "engines": {
                "node": ">=18.0.0"
            }
        },
        "node_modules/@smithy/node-http-handler": {
            "version": "4.9.13",
            "resolved": "https://registry.npmjs.org/@smithy/node-http-handler/-/node-http-handler-4.9.13.tgz",
            "integrity": "sha512-Nmd/Nl35zfYrd+a6OO2cDJb3GPh9bgTjIUhcM+JFfjpp8/osCgboDV5nCT1I01Pv6R13eSKDKLSoVa5ZB6Zsfw==",
            "license": "Apache-2.0",
            "dependencies": {
                "@smithy/core": "^3.31.1",
                "@smithy/types": "^4.16.1",
                "tslib": "^2.6.2"
            },
            "engines": {
                "node": ">=18.0.0"
            }
        },
        "node_modules/@smithy/signature-v4": {
            "version": "5.6.12",
            "resolved": "https://registry.npmjs.org/@smithy/signature-v4/-/signature-v4-5.6.12.tgz",
            "integrity": "sha512-I6KLtq3H0qqSuV9vLglfi8puHqzygzWHOnI4z/Rdoo+q50vvo18vBRdPAvvEtcaKROz7Zn6qnPa14kRfPH6PcQ==",
            "license": "Apache-2.0",
            "dependencies": {
                "@smithy/core": "^3.31.1",
                "@smithy/types": "^4.16.1",
                "tslib": "^2.6.2"
            },
            "engines": {
                "node": ">=18.0.0"
            }
        },
        "node_modules/@smithy/types": {
            "version": "4.16.1",
            "resolved": "https://registry.npmjs.org/@smithy/types/-/types-4.16.1.tgz",
            "integrity": "sha512-0JFs3V2y2M9tKW5na/qxe69Zv+uxLMO7QBbhxF/FHu/Gp2NFZAAL9tWl9PU02xxo07pb3G9FTyjNc6D5uZrJIg==",
            "license": "Apache-2.0",
            "dependencies": {
                "tslib": "^2.6.2"
            },
            "engines": {
                "node": ">=18.0.0"
            }
        },
        "node_modules/@so-ric/colorspace": {
            "version": "1.1.6",
            "resolved": "https://registry.npmjs.org/@so-ric/colorspace/-/colorspace-1.1.6.tgz",
            "integrity": "sha512-/KiKkpHNOBgkFJwu9sh48LkHSMYGyuTcSFK/qMBdnOAlrRJzRSXAOFB5qwzaVQuDl8wAvHVMkaASQDReTahxuw==",
            "dev": true,
            "license": "MIT",
            "dependencies": {
                "color": "^5.0.2",
                "text-hex": "1.0.x"
            }
        },
        "node_modules/@types/triple-beam": {
            "version": "1.3.5",
            "resolved": "https://registry.npmjs.org/@types/triple-beam/-/triple-beam-1.3.5.tgz",
            "integrity": "sha512-6WaYesThRMCl19iryMYP7/x2OVgCtbIVflDGFpWnb9irXI3UjYE4AzmYuiUKY1AJstGijoY+MgUszMgRxIYTYw==",
            "dev": true,
            "license": "MIT"
        },
        "node_modules/async": {
            "version": "3.2.6",
            "resolved": "https://registry.npmjs.org/async/-/async-3.2.6.tgz",
            "integrity": "sha512-htCUDlxyyCLMgaM3xXg0C0LW2xqfuQ6p05pCEIsXuyQ+a1koYKTuBMzRNwmybfLgvJDMd0r1LTn4+E0Ti6C2AA==",
            "dev": true,
            "license": "MIT"
        },
        "node_modules/bowser": {
            "version": "2.14.1",
            "resolved": "https://registry.npmjs.org/bowser/-/bowser-2.14.1.tgz",
            "integrity": "sha512-tzPjzCxygAKWFOJP011oxFHs57HzIhOEracIgAePE4pqB3LikALKnSzUyU4MGs9/iCEUuHlAJTjTc5M+u7YEGg==",
            "license": "MIT"
        },
        "node_modules/color": {
            "version": "5.0.3",
            "resolved": "https://registry.npmjs.org/color/-/color-5.0.3.tgz",
            "integrity": "sha512-ezmVcLR3xAVp8kYOm4GS45ZLLgIE6SPAFoduLr6hTDajwb3KZ2F46gulK3XpcwRFb5KKGCSezCBAY4Dw4HsyXA==",
            "dev": true,
            "license": "MIT",
            "dependencies": {
                "color-convert": "^3.1.3",
                "color-string": "^2.1.3"
            },
            "engines": {
                "node": ">=18"
            }
        },
        "node_modules/color-convert": {
            "version": "3.1.3",
            "resolved": "https://registry.npmjs.org/color-convert/-/color-convert-3.1.3.tgz",
            "integrity": "sha512-fasDH2ont2GqF5HpyO4w0+BcewlhHEZOFn9c1ckZdHpJ56Qb7MHhH/IcJZbBGgvdtwdwNbLvxiBEdg336iA9Sg==",
            "dev": true,
            "license": "MIT",
            "dependencies": {
                "color-name": "^2.0.0"
            },
            "engines": {
                "node": ">=14.6"
            }
        },
        "node_modules/color-name": {
            "version": "2.1.1",
            "resolved": "https://registry.npmjs.org/color-name/-/color-name-2.1.1.tgz",
            "integrity": "sha512-p2FdgwVx1a9yWBHP2wI0VgShkDpgN4kZISkxdNipGBJWpa5G6b04OINlVWCyJj0JmfvcPrgqt95E9k8yvaOJFg==",
            "dev": true,
            "license": "MIT",
            "engines": {
                "node": ">=12.20"
            }
        },
        "node_modules/color-string": {
            "version": "2.1.4",
            "resolved": "https://registry.npmjs.org/color-string/-/color-string-2.1.4.tgz",
            "integrity": "sha512-Bb6Cq8oq0IjDOe8wJmi4JeNn763Xs9cfrBcaylK1tPypWzyoy2G3l90v9k64kjphl/ZJjPIShFztenRomi8WTg==",
            "dev": true,
            "license": "MIT",
            "dependencies": {
                "color-name": "^2.0.0"
            },
            "engines": {
                "node": ">=18"
            }
        },
        "node_modules/commander": {
            "version": "10.0.1",
            "resolved": "https://registry.npmjs.org/commander/-/commander-10.0.1.tgz",
            "integrity": "sha512-y4Mg2tXshplEbSGzx7amzPwKKOCGuoSRP/CjEdwwk0FOGlUbq6lKuoyDZTNZkmxHdJtp54hdfY/JUrdL7Xfdug==",
            "dev": true,
            "license": "MIT",
            "engines": {
                "node": ">=14"
            }
        },
        "node_modules/dotenv": {
            "version": "16.6.1",
            "resolved": "https://registry.npmjs.org/dotenv/-/dotenv-16.6.1.tgz",
            "integrity": "sha512-uBq4egWHTcTt33a72vpSG0z3HnPuIl6NqYcTrKEg2azoEyl2hpW0zqlxysq2pK9HlDIHyHyakeYaYnSAwd8bow==",
            "dev": true,
            "license": "BSD-2-Clause",
            "engines": {
                "node": ">=12"
            },
            "funding": {
                "url": "https://dotenvx.com"
            }
        },
        "node_modules/enabled": {
            "version": "2.0.0",
            "resolved": "https://registry.npmjs.org/enabled/-/enabled-2.0.0.tgz",
            "integrity": "sha512-AKrN98kuwOzMIdAizXGI86UFBoo26CL21UM763y1h/GMSJ4/OHU9k2YlsmBpyScFo/wbLzWQJBMCW4+IO3/+OQ==",
            "dev": true,
            "license": "MIT"
        },
        "node_modules/entityos": {
            "version": "2.2.8",
            "resolved": "https://registry.npmjs.org/entityos/-/entityos-2.2.8.tgz",
            "integrity": "sha512-2ays99WJevfzCT2CTv6za3HC+bF48cjcQcZXwDN/CsXkrhQ3HhmxcJPeQnjXT6/TIB5qNZay7zRHp+MxsJ559Q==",
            "dependencies": {
                "lodash": "4.17.15",
                "moment": "*"
            },
            "engines": {
                "node": "*"
            }
        },
        "node_modules/entityos/node_modules/lodash": {
            "version": "4.17.15",
            "resolved": "https://registry.npmjs.org/lodash/-/lodash-4.17.15.tgz",
            "integrity": "sha512-8xOcRHvCjnocdS5cpwXQXVzmmh5e5+saE2QGoeQmbKmRS6J3VQppPOIt0MnmE+4xlZoumy0GPG0D0MVIQbNA1A==",
            "license": "MIT"
        },
        "node_modules/fecha": {
            "version": "4.2.3",
            "resolved": "https://registry.npmjs.org/fecha/-/fecha-4.2.3.tgz",
            "integrity": "sha512-OP2IUU6HeYKJi3i0z4A19kHMQoLVs4Hc+DPqqxI2h/DPZHTm/vjsfC6P0b4jCMy14XizLBqvndQ+UilD7707Jw==",
            "dev": true,
            "license": "MIT"
        },
        "node_modules/fn.name": {
            "version": "1.1.0",
            "resolved": "https://registry.npmjs.org/fn.name/-/fn.name-1.1.0.tgz",
            "integrity": "sha512-GRnmB5gPyJpAhTQdSZTSp9uaPSvl09KoYcMQtsB9rQoOmzs9dH6ffeccH+Z+cv6P68Hu5bC6JjRh4Ah/mHSNRw==",
            "dev": true,
            "license": "MIT"
        },
        "node_modules/inherits": {
            "version": "2.0.4",
            "resolved": "https://registry.npmjs.org/inherits/-/inherits-2.0.4.tgz",
            "integrity": "sha512-k/vGaX4/Yla3WzyMCvTQOXYeIHvqOKtnqBduzTHpzpQZzAskKMhZ2K+EnBiSM9zGSoIFeMpXKxa4dYeZIQqewQ==",
            "dev": true,
            "license": "ISC"
        },
        "node_modules/is-stream": {
            "version": "2.0.1",
            "resolved": "https://registry.npmjs.org/is-stream/-/is-stream-2.0.1.tgz",
            "integrity": "sha512-hFoiJiTl63nn+kstHGBtewWSKnQLpyb155KHheA1l39uvtO9nWIop1p3udqPcUd/xbF1VLMO4n7OI6p7RbngDg==",
            "dev": true,
            "license": "MIT",
            "engines": {
                "node": ">=8"
            },
            "funding": {
                "url": "https://github.com/sponsors/sindresorhus"
            }
        },
        "node_modules/kuler": {
            "version": "2.0.0",
            "resolved": "https://registry.npmjs.org/kuler/-/kuler-2.0.0.tgz",
            "integrity": "sha512-Xq9nH7KlWZmXAtodXDDRE7vs6DU1gTU8zYDHDiWLSip45Egwq3plLHzPn27NgvzL2r1LMPC1vdqh98sQxtqj4A==",
            "dev": true,
            "license": "MIT"
        },
        "node_modules/lambda-local": {
            "version": "2.2.0",
            "resolved": "https://registry.npmjs.org/lambda-local/-/lambda-local-2.2.0.tgz",
            "integrity": "sha512-bPcgpIXbHnVGfI/omZIlgucDqlf4LrsunwoKue5JdZeGybt8L6KyJz2Zu19ffuZwIwLj2NAI2ZyaqNT6/cetcg==",
            "dev": true,
            "license": "MIT",
            "dependencies": {
                "commander": "^10.0.1",
                "dotenv": "^16.3.1",
                "winston": "^3.10.0"
            },
            "bin": {
                "lambda-local": "build/cli.js"
            },
            "engines": {
                "node": ">=8"
            }
        },
        "node_modules/lodash": {
            "version": "4.18.1",
            "resolved": "https://registry.npmjs.org/lodash/-/lodash-4.18.1.tgz",
            "integrity": "sha512-dMInicTPVE8d1e5otfwmmjlxkZoUpiVLwyeTdUsi/Caj/gfzzblBcCE5sRHV/AsjuCmxWrte2TNGSYuCeCq+0Q==",
            "license": "MIT"
        },
        "node_modules/logform": {
            "version": "2.7.0",
            "resolved": "https://registry.npmjs.org/logform/-/logform-2.7.0.tgz",
            "integrity": "sha512-TFYA4jnP7PVbmlBIfhlSe+WKxs9dklXMTEGcBCIvLhE/Tn3H6Gk1norupVW7m5Cnd4bLcr08AytbyV/xj7f/kQ==",
            "dev": true,
            "license": "MIT",
            "dependencies": {
                "@colors/colors": "1.6.0",
                "@types/triple-beam": "^1.3.2",
                "fecha": "^4.2.0",
                "ms": "^2.1.1",
                "safe-stable-stringify": "^2.3.1",
                "triple-beam": "^1.3.0"
            },
            "engines": {
                "node": ">= 12.0.0"
            }
        },
        "node_modules/moment": {
            "version": "2.30.1",
            "resolved": "https://registry.npmjs.org/moment/-/moment-2.30.1.tgz",
            "integrity": "sha512-uEmtNhbDOrWPFS+hdjFCBfy9f2YoyzRpwcl+DqpC6taX21FzsTLQVbMV/W7PzNSX6x/bhC1zA3c2UQ5NzH6how==",
            "license": "MIT",
            "engines": {
                "node": "*"
            }
        },
        "node_modules/ms": {
            "version": "2.1.3",
            "resolved": "https://registry.npmjs.org/ms/-/ms-2.1.3.tgz",
            "integrity": "sha512-6FlzubTLZG3J2a/NVCAleEhjzq5oxgHyaCU9yYXvcLsvoVaHJq/s5xXI6/XXP6tz7R9xAOtHnSO/tXtF3WRTlA==",
            "dev": true,
            "license": "MIT"
        },
        "node_modules/one-time": {
            "version": "1.0.0",
            "resolved": "https://registry.npmjs.org/one-time/-/one-time-1.0.0.tgz",
            "integrity": "sha512-5DXOiRKwuSEcQ/l0kGCF6Q3jcADFv5tSmRaJck/OqkVFcOzutB134KRSfF0xDrL39MNnqxbHBbUUcjZIhTgb2g==",
            "dev": true,
            "license": "MIT",
            "dependencies": {
                "fn.name": "1.x.x"
            }
        },
        "node_modules/readable-stream": {
            "version": "3.6.2",
            "resolved": "https://registry.npmjs.org/readable-stream/-/readable-stream-3.6.2.tgz",
            "integrity": "sha512-9u/sniCrY3D5WdsERHzHE4G2YCXqoG5FTHUiCC4SIbr6XcLZBY05ya9EKjYek9O5xOAwjGq+1JdGBAS7Q9ScoA==",
            "dev": true,
            "license": "MIT",
            "dependencies": {
                "inherits": "^2.0.3",
                "string_decoder": "^1.1.1",
                "util-deprecate": "^1.0.1"
            },
            "engines": {
                "node": ">= 6"
            }
        },
        "node_modules/safe-buffer": {
            "version": "5.2.1",
            "resolved": "https://registry.npmjs.org/safe-buffer/-/safe-buffer-5.2.1.tgz",
            "integrity": "sha512-rp3So07KcdmmKbGvgaNxQSJr7bGVSVk5S9Eq1F+ppbRo70+YeaDxkw5Dd8NPN+GD6bjnYm2VuPuCXmpuYvmCXQ==",
            "dev": true,
            "funding": [
                {
                    "type": "github",
                    "url": "https://github.com/sponsors/feross"
                },
                {
                    "type": "patreon",
                    "url": "https://www.patreon.com/feross"
                },
                {
                    "type": "consulting",
                    "url": "https://feross.org/support"
                }
            ],
            "license": "MIT"
        },
        "node_modules/safe-stable-stringify": {
            "version": "2.5.0",
            "resolved": "https://registry.npmjs.org/safe-stable-stringify/-/safe-stable-stringify-2.5.0.tgz",
            "integrity": "sha512-b3rppTKm9T+PsVCBEOUR46GWI7fdOs00VKZ1+9c1EWDaDMvjQc6tUwuFyIprgGgTcWoVHSKrU8H31ZHA2e0RHA==",
            "dev": true,
            "license": "MIT",
            "engines": {
                "node": ">=10"
            }
        },
        "node_modules/stack-trace": {
            "version": "0.0.10",
            "resolved": "https://registry.npmjs.org/stack-trace/-/stack-trace-0.0.10.tgz",
            "integrity": "sha512-KGzahc7puUKkzyMt+IqAep+TVNbKP+k2Lmwhub39m1AsTSkaDutx56aDCo+HLDzf/D26BIHTJWNiTG1KAJiQCg==",
            "dev": true,
            "license": "MIT",
            "engines": {
                "node": "*"
            }
        },
        "node_modules/string_decoder": {
            "version": "1.3.0",
            "resolved": "https://registry.npmjs.org/string_decoder/-/string_decoder-1.3.0.tgz",
            "integrity": "sha512-hkRX8U1WjJFd8LsDJ2yQ/wWWxaopEsABU1XfkM8A+j0+85JAGppt16cr1Whg6KIbb4okU6Mql6BOj+uup/wKeA==",
            "dev": true,
            "license": "MIT",
            "dependencies": {
                "safe-buffer": "~5.2.0"
            }
        },
        "node_modules/text-hex": {
            "version": "1.0.0",
            "resolved": "https://registry.npmjs.org/text-hex/-/text-hex-1.0.0.tgz",
            "integrity": "sha512-uuVGNWzgJ4yhRaNSiubPY7OjISw4sw4E5Uv0wbjp+OzcbmVU/rsT8ujgcXJhn9ypzsgr5vlzpPqP+MBBKcGvbg==",
            "dev": true,
            "license": "MIT"
        },
        "node_modules/triple-beam": {
            "version": "1.4.1",
            "resolved": "https://registry.npmjs.org/triple-beam/-/triple-beam-1.4.1.tgz",
            "integrity": "sha512-aZbgViZrg1QNcG+LULa7nhZpJTZSLm/mXnHXnbAbjmN5aSa0y7V+wvv6+4WaBtpISJzThKy+PIPxc1Nq1EJ9mg==",
            "dev": true,
            "license": "MIT",
            "engines": {
                "node": ">= 14.0.0"
            }
        },
        "node_modules/tslib": {
            "version": "2.8.1",
            "resolved": "https://registry.npmjs.org/tslib/-/tslib-2.8.1.tgz",
            "integrity": "sha512-oJFu94HQb+KVduSUQL7wnpmqnfmLsOA/nAh6b6EH0wCEoK0/mPeXU6c3wKDV83MkOuHPRHtSXKKU99IBazS/2w==",
            "license": "0BSD"
        },
        "node_modules/util-deprecate": {
            "version": "1.0.2",
            "resolved": "https://registry.npmjs.org/util-deprecate/-/util-deprecate-1.0.2.tgz",
            "integrity": "sha512-EPD5q1uXyFxJpCrLnCc1nHnq3gOa6DZBocAIiI2TaSCA7VCJ1UJDMagCzIkXNsUYfD1daK//LTEQ8xiIbrHtcw==",
            "dev": true,
            "license": "MIT"
        },
        "node_modules/winston": {
            "version": "3.19.0",
            "resolved": "https://registry.npmjs.org/winston/-/winston-3.19.0.tgz",
            "integrity": "sha512-LZNJgPzfKR+/J3cHkxcpHKpKKvGfDZVPS4hfJCc4cCG0CgYzvlD6yE/S3CIL/Yt91ak327YCpiF/0MyeZHEHKA==",
            "dev": true,
            "license": "MIT",
            "dependencies": {
                "@colors/colors": "^1.6.0",
                "@dabh/diagnostics": "^2.0.8",
                "async": "^3.2.3",
                "is-stream": "^2.0.0",
                "logform": "^2.7.0",
                "one-time": "^1.0.0",
                "readable-stream": "^3.4.0",
                "safe-stable-stringify": "^2.3.1",
                "stack-trace": "0.0.x",
                "triple-beam": "^1.3.0",
                "winston-transport": "^4.9.0"
            },
            "engines": {
                "node": ">= 12.0.0"
            }
        },
        "node_modules/winston-transport": {
            "version": "4.9.0",
            "resolved": "https://registry.npmjs.org/winston-transport/-/winston-transport-4.9.0.tgz",
            "integrity": "sha512-8drMJ4rkgaPo1Me4zD/3WLfI/zPdA9o2IipKODunnGDcuqbHwjsbB79ylv04LCGGzU0xQ6vTznOMpQGaLhhm6A==",
            "dev": true,
            "license": "MIT",
            "dependencies": {
                "logform": "^2.7.0",
                "readable-stream": "^3.6.2",
                "triple-beam": "^1.3.0"
            },
            "engines": {
                "node": ">= 12.0.0"
            }
        }
    }
}
